
Microsoft Visual Studio Solution File, Format Version 12.00
# Visual Studio 15
VisualStudioVersion = 15.0.28010.2046
MinimumVisualStudioVersion = 10.0.40219.1
Project("{FAE04EC0-301F-11D3-BF4B-00C04F79EFBC}") = "EP.WEB.API", "EP.WEB.API\EP.WEB.API.csproj", "{90260FC6-D7A7-4E03-924F-B70106DF147E}"
EndProject
Project("{FAE04EC0-301F-11D3-BF4B-00C04F79EFBC}") = "EP.DAL", "EP.DAL\EP.DAL.csproj", "{6330D19B-BE51-465C-A21B-5D3CBAEC605C}"
EndProject
Project("{FAE04EC0-301F-11D3-BF4B-00C04F79EFBC}") = "EP.DTO", "EP.DTO\EP.DTO.csproj", "{A5A92D6D-44D4-41C9-845F-108DD4A34D02}"
EndProject
Project("{FAE04EC0-301F-11D3-BF4B-00C04F79EFBC}") = "EP.SERVICE", "EP.SERVICE\EP.SERVICE.csproj", "{36CDC4AE-ADCD-4CFB-A3A8-527050C7E3B0}"
EndProject
Project("{FAE04EC0-301F-11D3-BF4B-00C04F79EFBC}") = "EP.INFRASTRUCTURE", "EP.INFRASTRUCTURE\EP.INFRASTRUCTURE.csproj", "{C3582075-EB92-4F66-AC1D-1A0E6E65F3EF}"
EndProject
Global
	GlobalSection(SolutionConfigurationPlatforms) = preSolution
		Debug|Any CPU = Debug|Any CPU
		Release|Any CPU = Release|Any CPU
	EndGlobalSection
	GlobalSection(ProjectConfigurationPlatforms) = postSolution
		{90260FC6-D7A7-4E03-924F-B70106DF147E}.Debug|Any CPU.ActiveCfg = Debug|Any CPU
		{90260FC6-D7A7-4E03-924F-B70106DF147E}.Debug|Any CPU.Build.0 = Debug|Any CPU
		{90260FC6-D7A7-4E03-924F-B70106DF147E}.Release|Any CPU.ActiveCfg = Release|Any CPU
		{90260FC6-D7A7-4E03-924F-B70106DF147E}.Release|Any CPU.Build.0 = Release|Any CPU
		{6330D19B-BE51-465C-A21B-5D3CBAEC605C}.Debug|Any CPU.ActiveCfg = Debug|Any CPU
		{6330D19B-BE51-465C-A21B-5D3CBAEC605C}.Debug|Any CPU.Build.0 = Debug|Any CPU
		{6330D19B-BE51-465C-A21B-5D3CBAEC605C}.Release|Any CPU.ActiveCfg = Release|Any CPU
		{6330D19B-BE51-465C-A21B-5D3CBAEC605C}.Release|Any CPU.Build.0 = Release|Any CPU
		{A5A92D6D-44D4-41C9-845F-108DD4A34D02}.Debug|Any CPU.ActiveCfg = Debug|Any CPU
		{A5A92D6D-44D4-41C9-845F-108DD4A34D02}.Debug|Any CPU.Build.0 = Debug|Any CPU
		{A5A92D6D-44D4-41C9-845F-108DD4A34D02}.Release|Any CPU.ActiveCfg = Release|Any CPU
		{A5A92D6D-44D4-41C9-845F-108DD4A34D02}.Release|Any CPU.Build.0 = Release|Any CPU
		{36CDC4AE-ADCD-4CFB-A3A8-527050C7E3B0}.Debug|Any CPU.ActiveCfg = Debug|Any CPU
		{36CDC4AE-ADCD-4CFB-A3A8-527050C7E3B0}.Debug|Any CPU.Build.0 = Debug|Any CPU
		{36CDC4AE-ADCD-4CFB-A3A8-527050C7E3B0}.Release|Any CPU.ActiveCfg = Release|Any CPU
		{36CDC4AE-ADCD-4CFB-A3A8-527050C7E3B0}.Release|Any CPU.Build.0 = Release|Any CPU
		{C3582075-EB92-4F66-AC1D-1A0E6E65F3EF}.Debug|Any CPU.ActiveCfg = Debug|Any CPU
		{C3582075-EB92-4F66-AC1D-1A0E6E65F3EF}.Debug|Any CPU.Build.0 = Debug|Any CPU
		{C3582075-EB92-4F66-AC1D-1A0E6E65F3EF}.Release|Any CPU.ActiveCfg = Release|Any CPU
		{C3582075-EB92-4F66-AC1D-1A0E6E65F3EF}.Release|Any CPU.Build.0 = Release|Any CPU
	EndGlobalSection
	GlobalSection(SolutionProperties) = preSolution
		HideSolutionNode = FALSE
	EndGlobalSection
	GlobalSection(ExtensibilityGlobals) = postSolution
		SolutionGuid = {3EF5CD97-AD81-4CCD-94AD-565526EA6B28}
	EndGlobalSection
EndGlobal
